{
  "name": "csv-object",
  "version": "0.0.1",
  "lockfileVersion": 1,
  "requires": true,
  "dependencies": {
    "deepmerge": {
      "version": "2.1.1",
      "resolved": "https://registry.npmjs.org/deepmerge/-/deepmerge-2.1.1.tgz",
      "integrity": "sha512-urQxA1smbLZ2cBbXbaYObM1dJ82aJ2H57A1C/Kklfh/ZN1bgH4G/n5KWhdNfOK11W98gqZfyYj7W4frJJRwA2w=="
    },
    "line-reader": {
      "version": "0.4.0",
      "resolved": "https://registry.npmjs.org/line-reader/-/line-reader-0.4.0.tgz",
      "integrity": "sha1-F+RIGNoKwzVnW6MAlU+U72cOZv0="
    }
  }
}
